
Microsoft Visual Studio Solution File, Format Version 12.00
# Visual Studio Version 16
VisualStudioVersion = 16.0.30621.155
MinimumVisualStudioVersion = 10.0.40219.1
Project("{FAE04EC0-301F-11D3-BF4B-00C04F79EFBC}") = "StockAnalyzer", "StockAnalyzer\StockAnalyzer.csproj", "{5999BA6D-BC12-439A-9157-62C05DE15AC9}"
EndProject
Global
	GlobalSection(SolutionConfigurationPlatforms) = preSolution
		Debug|Any CPU = Debug|Any CPU
		Release|Any CPU = Release|Any CPU
	EndGlobalSection
	GlobalSection(ProjectConfigurationPlatforms) = postSolution
		{5999BA6D-BC12-439A-9157-62C05DE15AC9}.Debug|Any CPU.ActiveCfg = Debug|Any CPU
		{5999BA6D-BC12-439A-9157-62C05DE15AC9}.Debug|Any CPU.Build.0 = Debug|Any CPU
		{5999BA6D-BC12-439A-9157-62C05DE15AC9}.Release|Any CPU.ActiveCfg = Release|Any CPU
		{5999BA6D-BC12-439A-9157-62C05DE15AC9}.Release|Any CPU.Build.0 = Release|Any CPU
	EndGlobalSection
	GlobalSection(SolutionProperties) = preSolution
		HideSolutionNode = FALSE
	EndGlobalSection
	GlobalSection(ExtensibilityGlobals) = postSolution
		SolutionGuid = {F92D4956-90F3-4260-AEFF-5811B68A4E3E}
	EndGlobalSection
EndGlobal
