
Microsoft Visual Studio Solution File, Format Version 12.00
<<<<<<< HEAD
<<<<<<< HEAD
# Visual Studio Version 16
VisualStudioVersion = 16.0.30611.23
MinimumVisualStudioVersion = 10.0.40219.1
Project("{FAE04EC0-301F-11D3-BF4B-00C04F79EFBC}") = "DictSnippets", "DictSnippets\DictSnippets.csproj", "{54F7EC80-3495-4458-BBE3-B6C961CAA386}"
=======
=======
>>>>>>> 280c9fe5178a9cd4efce690bb6e1bf6d4754e13b
# Visual Studio 15
VisualStudioVersion = 15.0.28307.421
MinimumVisualStudioVersion = 10.0.40219.1
Project("{FAE04EC0-301F-11D3-BF4B-00C04F79EFBC}") = "DictSnippets", "DictSnippets.csproj", "{6D4A4A87-AEF7-4A96-B2FE-B9D3A6C181E2}"
<<<<<<< HEAD
>>>>>>> 921139e2af46d8c2bc1f1725370b7941c602d5ac
=======
=======
# Visual Studio Version 16
VisualStudioVersion = 16.0.30611.23
MinimumVisualStudioVersion = 10.0.40219.1
Project("{FAE04EC0-301F-11D3-BF4B-00C04F79EFBC}") = "DictSnippets", "DictSnippets\DictSnippets.csproj", "{54F7EC80-3495-4458-BBE3-B6C961CAA386}"
>>>>>>> 94caa6376f2e7e64b0ea8bd1afc48615dbdb373d
>>>>>>> 280c9fe5178a9cd4efce690bb6e1bf6d4754e13b
EndProject
Global
	GlobalSection(SolutionConfigurationPlatforms) = preSolution
		Debug|Any CPU = Debug|Any CPU
		Release|Any CPU = Release|Any CPU
	EndGlobalSection
	GlobalSection(ProjectConfigurationPlatforms) = postSolution
<<<<<<< HEAD
<<<<<<< HEAD
		{54F7EC80-3495-4458-BBE3-B6C961CAA386}.Debug|Any CPU.ActiveCfg = Debug|Any CPU
		{54F7EC80-3495-4458-BBE3-B6C961CAA386}.Debug|Any CPU.Build.0 = Debug|Any CPU
		{54F7EC80-3495-4458-BBE3-B6C961CAA386}.Release|Any CPU.ActiveCfg = Release|Any CPU
		{54F7EC80-3495-4458-BBE3-B6C961CAA386}.Release|Any CPU.Build.0 = Release|Any CPU
=======
=======
>>>>>>> 280c9fe5178a9cd4efce690bb6e1bf6d4754e13b
		{6D4A4A87-AEF7-4A96-B2FE-B9D3A6C181E2}.Debug|Any CPU.ActiveCfg = Debug|Any CPU
		{6D4A4A87-AEF7-4A96-B2FE-B9D3A6C181E2}.Debug|Any CPU.Build.0 = Debug|Any CPU
		{6D4A4A87-AEF7-4A96-B2FE-B9D3A6C181E2}.Release|Any CPU.ActiveCfg = Release|Any CPU
		{6D4A4A87-AEF7-4A96-B2FE-B9D3A6C181E2}.Release|Any CPU.Build.0 = Release|Any CPU
<<<<<<< HEAD
>>>>>>> 921139e2af46d8c2bc1f1725370b7941c602d5ac
=======
=======
		{54F7EC80-3495-4458-BBE3-B6C961CAA386}.Debug|Any CPU.ActiveCfg = Debug|Any CPU
		{54F7EC80-3495-4458-BBE3-B6C961CAA386}.Debug|Any CPU.Build.0 = Debug|Any CPU
		{54F7EC80-3495-4458-BBE3-B6C961CAA386}.Release|Any CPU.ActiveCfg = Release|Any CPU
		{54F7EC80-3495-4458-BBE3-B6C961CAA386}.Release|Any CPU.Build.0 = Release|Any CPU
>>>>>>> 94caa6376f2e7e64b0ea8bd1afc48615dbdb373d
>>>>>>> 280c9fe5178a9cd4efce690bb6e1bf6d4754e13b
	EndGlobalSection
	GlobalSection(SolutionProperties) = preSolution
		HideSolutionNode = FALSE
	EndGlobalSection
	GlobalSection(ExtensibilityGlobals) = postSolution
<<<<<<< HEAD
<<<<<<< HEAD
		SolutionGuid = {E78F7DA1-6BB5-4D1E-8360-6CF218A60A0B}
=======
		SolutionGuid = {7AA33541-3E88-4BB1-9231-232D9FB319A6}
>>>>>>> 921139e2af46d8c2bc1f1725370b7941c602d5ac
=======
		SolutionGuid = {7AA33541-3E88-4BB1-9231-232D9FB319A6}
=======
		SolutionGuid = {E78F7DA1-6BB5-4D1E-8360-6CF218A60A0B}
>>>>>>> 94caa6376f2e7e64b0ea8bd1afc48615dbdb373d
>>>>>>> 280c9fe5178a9cd4efce690bb6e1bf6d4754e13b
	EndGlobalSection
EndGlobal
