
Microsoft Visual Studio Solution File, Format Version 12.00
# Visual Studio Version 16
VisualStudioVersion = 16.0.30611.23
MinimumVisualStudioVersion = 10.0.40219.1
Project("{FAE04EC0-301F-11D3-BF4B-00C04F79EFBC}") = "DaysOfWeek", "DaysOfWeek\DaysOfWeek.csproj", "{458912C3-2EBB-4E5C-9391-D5DFE8B32387}"
EndProject
Global
	GlobalSection(SolutionConfigurationPlatforms) = preSolution
		Debug|Any CPU = Debug|Any CPU
		Release|Any CPU = Release|Any CPU
	EndGlobalSection
	GlobalSection(ProjectConfigurationPlatforms) = postSolution
		{458912C3-2EBB-4E5C-9391-D5DFE8B32387}.Debug|Any CPU.ActiveCfg = Debug|Any CPU
		{458912C3-2EBB-4E5C-9391-D5DFE8B32387}.Debug|Any CPU.Build.0 = Debug|Any CPU
		{458912C3-2EBB-4E5C-9391-D5DFE8B32387}.Release|Any CPU.ActiveCfg = Release|Any CPU
		{458912C3-2EBB-4E5C-9391-D5DFE8B32387}.Release|Any CPU.Build.0 = Release|Any CPU
	EndGlobalSection
	GlobalSection(SolutionProperties) = preSolution
		HideSolutionNode = FALSE
	EndGlobalSection
	GlobalSection(ExtensibilityGlobals) = postSolution
		SolutionGuid = {0364DBDD-B2CA-4A9F-897E-95D623E20943}
	EndGlobalSection
EndGlobal
